
Microsoft Visual Studio Solution File, Format Version 12.00
# Visual Studio Version 17
VisualStudioVersion = 17.5.33502.453
MinimumVisualStudioVersion = 10.0.40219.1
Project("{9A19103F-16F7-4668-BE54-9A1E7A4F7556}") = "AccountOwnerServer", "AccountOwnerServer\AccountOwnerServer.csproj", "{C29C47C5-666C-43A2-AAE6-1CF609F012CF}"
EndProject
Project("{9A19103F-16F7-4668-BE54-9A1E7A4F7556}") = "Contracts", "Contracts\Contracts.csproj", "{92D13327-F06C-4E99-AD2A-6444FFB59FDB}"
EndProject
Project("{9A19103F-16F7-4668-BE54-9A1E7A4F7556}") = "LoggerService", "LoggerService\LoggerService.csproj", "{CA953FB8-3746-43C4-8F34-138A7C531B43}"
EndProject
Project("{FAE04EC0-301F-11D3-BF4B-00C04F79EFBC}") = "Entities", "Entities\Entities.csproj", "{6F20839C-61DF-4EBB-8B8A-52F66B1CA54D}"
EndProject
Project("{FAE04EC0-301F-11D3-BF4B-00C04F79EFBC}") = "Ripository", "Ripository\Ripository.csproj", "{6953FC92-9E51-42FC-A182-D57652B6B1D0}"
EndProject
Global
	GlobalSection(SolutionConfigurationPlatforms) = preSolution
		Debug|Any CPU = Debug|Any CPU
		Release|Any CPU = Release|Any CPU
	EndGlobalSection
	GlobalSection(ProjectConfigurationPlatforms) = postSolution
		{C29C47C5-666C-43A2-AAE6-1CF609F012CF}.Debug|Any CPU.ActiveCfg = Debug|Any CPU
		{C29C47C5-666C-43A2-AAE6-1CF609F012CF}.Debug|Any CPU.Build.0 = Debug|Any CPU
		{C29C47C5-666C-43A2-AAE6-1CF609F012CF}.Release|Any CPU.ActiveCfg = Release|Any CPU
		{C29C47C5-666C-43A2-AAE6-1CF609F012CF}.Release|Any CPU.Build.0 = Release|Any CPU
		{92D13327-F06C-4E99-AD2A-6444FFB59FDB}.Debug|Any CPU.ActiveCfg = Debug|Any CPU
		{92D13327-F06C-4E99-AD2A-6444FFB59FDB}.Debug|Any CPU.Build.0 = Debug|Any CPU
		{92D13327-F06C-4E99-AD2A-6444FFB59FDB}.Release|Any CPU.ActiveCfg = Release|Any CPU
		{92D13327-F06C-4E99-AD2A-6444FFB59FDB}.Release|Any CPU.Build.0 = Release|Any CPU
		{CA953FB8-3746-43C4-8F34-138A7C531B43}.Debug|Any CPU.ActiveCfg = Debug|Any CPU
		{CA953FB8-3746-43C4-8F34-138A7C531B43}.Debug|Any CPU.Build.0 = Debug|Any CPU
		{CA953FB8-3746-43C4-8F34-138A7C531B43}.Release|Any CPU.ActiveCfg = Release|Any CPU
		{CA953FB8-3746-43C4-8F34-138A7C531B43}.Release|Any CPU.Build.0 = Release|Any CPU
		{6F20839C-61DF-4EBB-8B8A-52F66B1CA54D}.Debug|Any CPU.ActiveCfg = Debug|Any CPU
		{6F20839C-61DF-4EBB-8B8A-52F66B1CA54D}.Debug|Any CPU.Build.0 = Debug|Any CPU
		{6F20839C-61DF-4EBB-8B8A-52F66B1CA54D}.Release|Any CPU.ActiveCfg = Release|Any CPU
		{6F20839C-61DF-4EBB-8B8A-52F66B1CA54D}.Release|Any CPU.Build.0 = Release|Any CPU
		{6953FC92-9E51-42FC-A182-D57652B6B1D0}.Debug|Any CPU.ActiveCfg = Debug|Any CPU
		{6953FC92-9E51-42FC-A182-D57652B6B1D0}.Debug|Any CPU.Build.0 = Debug|Any CPU
		{6953FC92-9E51-42FC-A182-D57652B6B1D0}.Release|Any CPU.ActiveCfg = Release|Any CPU
		{6953FC92-9E51-42FC-A182-D57652B6B1D0}.Release|Any CPU.Build.0 = Release|Any CPU
	EndGlobalSection
	GlobalSection(SolutionProperties) = preSolution
		HideSolutionNode = FALSE
	EndGlobalSection
	GlobalSection(ExtensibilityGlobals) = postSolution
		SolutionGuid = {5102F87F-18D3-4108-8D03-73F835947246}
	EndGlobalSection
EndGlobal
